
Microsoft Visual Studio Solution File, Format Version 12.00
# Visual Studio Version 16
VisualStudioVersion = 16.0.29728.190
MinimumVisualStudioVersion = 10.0.40219.1
Project("{FAE04EC0-301F-11D3-BF4B-00C04F79EFBC}") = "Shopping.Core", "Shopping.Core\Shopping.Core.csproj", "{C75C1DD4-5609-437A-A54C-A8C1916DE011}"
EndProject
Project("{FAE04EC0-301F-11D3-BF4B-00C04F79EFBC}") = "Shopping.Services", "Shopping.Services\Shopping.Services.csproj", "{AD28C8AD-291A-4366-8EB0-6C7111739227}"
EndProject
Project("{FAE04EC0-301F-11D3-BF4B-00C04F79EFBC}") = "Shopping.DataAccess.SQL", "Shopping.DataAccess.SQL\Shopping.DataAccess.SQL.csproj", "{DAABDC54-A5E9-44E8-B615-3C93F01C5A88}"
EndProject
Project("{FAE04EC0-301F-11D3-BF4B-00C04F79EFBC}") = "Shopping.DataAccess.InMemory", "Shopping.DataAccess.InMemory\Shopping.DataAccess.InMemory.csproj", "{D135E09F-A65C-4530-8BDC-C85244D9B596}"
EndProject
Project("{FAE04EC0-301F-11D3-BF4B-00C04F79EFBC}") = "Shopping.Web", "Shopping.Web\Shopping.Web.csproj", "{D6380AE2-360F-48E8-80F3-9A6BB9044D22}"
EndProject
Project("{FAE04EC0-301F-11D3-BF4B-00C04F79EFBC}") = "Shopping.Web.Tests", "Shopping.Web.Tests\Shopping.Web.Tests.csproj", "{90AB9620-3D59-4627-8AD9-F72A25AB2F1F}"
EndProject
Global
	GlobalSection(SolutionConfigurationPlatforms) = preSolution
		Debug|Any CPU = Debug|Any CPU
		Release|Any CPU = Release|Any CPU
	EndGlobalSection
	GlobalSection(ProjectConfigurationPlatforms) = postSolution
		{C75C1DD4-5609-437A-A54C-A8C1916DE011}.Debug|Any CPU.ActiveCfg = Debug|Any CPU
		{C75C1DD4-5609-437A-A54C-A8C1916DE011}.Debug|Any CPU.Build.0 = Debug|Any CPU
		{C75C1DD4-5609-437A-A54C-A8C1916DE011}.Release|Any CPU.ActiveCfg = Release|Any CPU
		{C75C1DD4-5609-437A-A54C-A8C1916DE011}.Release|Any CPU.Build.0 = Release|Any CPU
		{AD28C8AD-291A-4366-8EB0-6C7111739227}.Debug|Any CPU.ActiveCfg = Debug|Any CPU
		{AD28C8AD-291A-4366-8EB0-6C7111739227}.Debug|Any CPU.Build.0 = Debug|Any CPU
		{AD28C8AD-291A-4366-8EB0-6C7111739227}.Release|Any CPU.ActiveCfg = Release|Any CPU
		{AD28C8AD-291A-4366-8EB0-6C7111739227}.Release|Any CPU.Build.0 = Release|Any CPU
		{DAABDC54-A5E9-44E8-B615-3C93F01C5A88}.Debug|Any CPU.ActiveCfg = Debug|Any CPU
		{DAABDC54-A5E9-44E8-B615-3C93F01C5A88}.Debug|Any CPU.Build.0 = Debug|Any CPU
		{DAABDC54-A5E9-44E8-B615-3C93F01C5A88}.Release|Any CPU.ActiveCfg = Release|Any CPU
		{DAABDC54-A5E9-44E8-B615-3C93F01C5A88}.Release|Any CPU.Build.0 = Release|Any CPU
		{D135E09F-A65C-4530-8BDC-C85244D9B596}.Debug|Any CPU.ActiveCfg = Debug|Any CPU
		{D135E09F-A65C-4530-8BDC-C85244D9B596}.Debug|Any CPU.Build.0 = Debug|Any CPU
		{D135E09F-A65C-4530-8BDC-C85244D9B596}.Release|Any CPU.ActiveCfg = Release|Any CPU
		{D135E09F-A65C-4530-8BDC-C85244D9B596}.Release|Any CPU.Build.0 = Release|Any CPU
		{D6380AE2-360F-48E8-80F3-9A6BB9044D22}.Debug|Any CPU.ActiveCfg = Debug|Any CPU
		{D6380AE2-360F-48E8-80F3-9A6BB9044D22}.Debug|Any CPU.Build.0 = Debug|Any CPU
		{D6380AE2-360F-48E8-80F3-9A6BB9044D22}.Release|Any CPU.ActiveCfg = Release|Any CPU
		{D6380AE2-360F-48E8-80F3-9A6BB9044D22}.Release|Any CPU.Build.0 = Release|Any CPU
		{90AB9620-3D59-4627-8AD9-F72A25AB2F1F}.Debug|Any CPU.ActiveCfg = Debug|Any CPU
		{90AB9620-3D59-4627-8AD9-F72A25AB2F1F}.Debug|Any CPU.Build.0 = Debug|Any CPU
		{90AB9620-3D59-4627-8AD9-F72A25AB2F1F}.Release|Any CPU.ActiveCfg = Release|Any CPU
		{90AB9620-3D59-4627-8AD9-F72A25AB2F1F}.Release|Any CPU.Build.0 = Release|Any CPU
	EndGlobalSection
	GlobalSection(SolutionProperties) = preSolution
		HideSolutionNode = FALSE
	EndGlobalSection
	GlobalSection(ExtensibilityGlobals) = postSolution
		SolutionGuid = {2FBF6CF0-00BB-4933-A02E-AAF6165B0CB1}
	EndGlobalSection
EndGlobal
